
Microsoft Visual Studio Solution File, Format Version 12.00
# Visual Studio Version 17
VisualStudioVersion = 17.0.31903.59
MinimumVisualStudioVersion = 10.0.40219.1
Project("{2150E333-8FDC-42A3-9474-1A3956D46DE8}") = "src", "src", "{827E0CD3-B72D-47B6-A68D-7590B98EB39B}"
EndProject
Project("{FAE04EC0-301F-11D3-BF4B-00C04F79EFBC}") = "GatewayApi", "src\GatewayApi\GatewayApi.csproj", "{C70665A5-77CB-482A-AF7D-11F6D1954216}"
EndProject
Project("{2150E333-8FDC-42A3-9474-1A3956D46DE8}") = "services", "services", "{984BB9B3-3FA3-BE33-9484-CAC21695A33C}"
EndProject
Project("{2150E333-8FDC-42A3-9474-1A3956D46DE8}") = "BiodataService", "BiodataService", "{CE25B4BD-4D62-2C31-7677-ACA02D4E579C}"
EndProject
Project("{FAE04EC0-301F-11D3-BF4B-00C04F79EFBC}") = "BiodataService.Api", "src\services\BiodataService\BiodataService.Api\BiodataService.Api.csproj", "{94271304-E7E5-4A3B-9B36-EDCA6199C83B}"
EndProject
Project("{FAE04EC0-301F-11D3-BF4B-00C04F79EFBC}") = "BiodataService.Application", "src\services\BiodataService\BiodataService.Application\BiodataService.Application.csproj", "{7249407B-998C-421C-A049-EA03D351491E}"
EndProject
Project("{FAE04EC0-301F-11D3-BF4B-00C04F79EFBC}") = "BiodataService.Infrastructure", "src\services\BiodataService\BiodataService.Infrastructure\BiodataService.Infrastructure.csproj", "{D172E072-2352-4F04-917B-3B6732D62314}"
EndProject
Project("{FAE04EC0-301F-11D3-BF4B-00C04F79EFBC}") = "BiodataService.Domain", "src\services\BiodataService\BiodataService.Domain\BiodataService.Domain.csproj", "{146FFB39-BE25-4159-80CE-4E86B3F50050}"
EndProject
Project("{2150E333-8FDC-42A3-9474-1A3956D46DE8}") = "tests", "tests", "{0AB3BF05-4346-4AA6-1389-037BE0695223}"
EndProject
Project("{FAE04EC0-301F-11D3-BF4B-00C04F79EFBC}") = "BiodataService.UnitTests", "tests\BiodataService.UnitTests\BiodataService.UnitTests.csproj", "{1BF74B1E-2C0F-4BAA-8FF6-5D4B6194BEBB}"
EndProject
Global
	GlobalSection(SolutionConfigurationPlatforms) = preSolution
		Debug|Any CPU = Debug|Any CPU
		Debug|x64 = Debug|x64
		Debug|x86 = Debug|x86
		Release|Any CPU = Release|Any CPU
		Release|x64 = Release|x64
		Release|x86 = Release|x86
	EndGlobalSection
	GlobalSection(ProjectConfigurationPlatforms) = postSolution
		{C70665A5-77CB-482A-AF7D-11F6D1954216}.Debug|Any CPU.ActiveCfg = Debug|Any CPU
		{C70665A5-77CB-482A-AF7D-11F6D1954216}.Debug|Any CPU.Build.0 = Debug|Any CPU
		{C70665A5-77CB-482A-AF7D-11F6D1954216}.Debug|x64.ActiveCfg = Debug|Any CPU
		{C70665A5-77CB-482A-AF7D-11F6D1954216}.Debug|x64.Build.0 = Debug|Any CPU
		{C70665A5-77CB-482A-AF7D-11F6D1954216}.Debug|x86.ActiveCfg = Debug|Any CPU
		{C70665A5-77CB-482A-AF7D-11F6D1954216}.Debug|x86.Build.0 = Debug|Any CPU
		{C70665A5-77CB-482A-AF7D-11F6D1954216}.Release|Any CPU.ActiveCfg = Release|Any CPU
		{C70665A5-77CB-482A-AF7D-11F6D1954216}.Release|Any CPU.Build.0 = Release|Any CPU
		{C70665A5-77CB-482A-AF7D-11F6D1954216}.Release|x64.ActiveCfg = Release|Any CPU
		{C70665A5-77CB-482A-AF7D-11F6D1954216}.Release|x64.Build.0 = Release|Any CPU
		{C70665A5-77CB-482A-AF7D-11F6D1954216}.Release|x86.ActiveCfg = Release|Any CPU
		{C70665A5-77CB-482A-AF7D-11F6D1954216}.Release|x86.Build.0 = Release|Any CPU
		{94271304-E7E5-4A3B-9B36-EDCA6199C83B}.Debug|Any CPU.ActiveCfg = Debug|Any CPU
		{94271304-E7E5-4A3B-9B36-EDCA6199C83B}.Debug|Any CPU.Build.0 = Debug|Any CPU
		{94271304-E7E5-4A3B-9B36-EDCA6199C83B}.Debug|x64.ActiveCfg = Debug|Any CPU
		{94271304-E7E5-4A3B-9B36-EDCA6199C83B}.Debug|x64.Build.0 = Debug|Any CPU
		{94271304-E7E5-4A3B-9B36-EDCA6199C83B}.Debug|x86.ActiveCfg = Debug|Any CPU
		{94271304-E7E5-4A3B-9B36-EDCA6199C83B}.Debug|x86.Build.0 = Debug|Any CPU
		{94271304-E7E5-4A3B-9B36-EDCA6199C83B}.Release|Any CPU.ActiveCfg = Release|Any CPU
		{94271304-E7E5-4A3B-9B36-EDCA6199C83B}.Release|Any CPU.Build.0 = Release|Any CPU
		{94271304-E7E5-4A3B-9B36-EDCA6199C83B}.Release|x64.ActiveCfg = Release|Any CPU
		{94271304-E7E5-4A3B-9B36-EDCA6199C83B}.Release|x64.Build.0 = Release|Any CPU
		{94271304-E7E5-4A3B-9B36-EDCA6199C83B}.Release|x86.ActiveCfg = Release|Any CPU
		{94271304-E7E5-4A3B-9B36-EDCA6199C83B}.Release|x86.Build.0 = Release|Any CPU
		{7249407B-998C-421C-A049-EA03D351491E}.Debug|Any CPU.ActiveCfg = Debug|Any CPU
		{7249407B-998C-421C-A049-EA03D351491E}.Debug|Any CPU.Build.0 = Debug|Any CPU
		{7249407B-998C-421C-A049-EA03D351491E}.Debug|x64.ActiveCfg = Debug|Any CPU
		{7249407B-998C-421C-A049-EA03D351491E}.Debug|x64.Build.0 = Debug|Any CPU
		{7249407B-998C-421C-A049-EA03D351491E}.Debug|x86.ActiveCfg = Debug|Any CPU
		{7249407B-998C-421C-A049-EA03D351491E}.Debug|x86.Build.0 = Debug|Any CPU
		{7249407B-998C-421C-A049-EA03D351491E}.Release|Any CPU.ActiveCfg = Release|Any CPU
		{7249407B-998C-421C-A049-EA03D351491E}.Release|Any CPU.Build.0 = Release|Any CPU
		{7249407B-998C-421C-A049-EA03D351491E}.Release|x64.ActiveCfg = Release|Any CPU
		{7249407B-998C-421C-A049-EA03D351491E}.Release|x64.Build.0 = Release|Any CPU
		{7249407B-998C-421C-A049-EA03D351491E}.Release|x86.ActiveCfg = Release|Any CPU
		{7249407B-998C-421C-A049-EA03D351491E}.Release|x86.Build.0 = Release|Any CPU
		{D172E072-2352-4F04-917B-3B6732D62314}.Debug|Any CPU.ActiveCfg = Debug|Any CPU
		{D172E072-2352-4F04-917B-3B6732D62314}.Debug|Any CPU.Build.0 = Debug|Any CPU
		{D172E072-2352-4F04-917B-3B6732D62314}.Debug|x64.ActiveCfg = Debug|Any CPU
		{D172E072-2352-4F04-917B-3B6732D62314}.Debug|x64.Build.0 = Debug|Any CPU
		{D172E072-2352-4F04-917B-3B6732D62314}.Debug|x86.ActiveCfg = Debug|Any CPU
		{D172E072-2352-4F04-917B-3B6732D62314}.Debug|x86.Build.0 = Debug|Any CPU
		{D172E072-2352-4F04-917B-3B6732D62314}.Release|Any CPU.ActiveCfg = Release|Any CPU
		{D172E072-2352-4F04-917B-3B6732D62314}.Release|Any CPU.Build.0 = Release|Any CPU
		{D172E072-2352-4F04-917B-3B6732D62314}.Release|x64.ActiveCfg = Release|Any CPU
		{D172E072-2352-4F04-917B-3B6732D62314}.Release|x64.Build.0 = Release|Any CPU
		{D172E072-2352-4F04-917B-3B6732D62314}.Release|x86.ActiveCfg = Release|Any CPU
		{D172E072-2352-4F04-917B-3B6732D62314}.Release|x86.Build.0 = Release|Any CPU
		{146FFB39-BE25-4159-80CE-4E86B3F50050}.Debug|Any CPU.ActiveCfg = Debug|Any CPU
		{146FFB39-BE25-4159-80CE-4E86B3F50050}.Debug|Any CPU.Build.0 = Debug|Any CPU
		{146FFB39-BE25-4159-80CE-4E86B3F50050}.Debug|x64.ActiveCfg = Debug|Any CPU
		{146FFB39-BE25-4159-80CE-4E86B3F50050}.Debug|x64.Build.0 = Debug|Any CPU
		{146FFB39-BE25-4159-80CE-4E86B3F50050}.Debug|x86.ActiveCfg = Debug|Any CPU
		{146FFB39-BE25-4159-80CE-4E86B3F50050}.Debug|x86.Build.0 = Debug|Any CPU
		{146FFB39-BE25-4159-80CE-4E86B3F50050}.Release|Any CPU.ActiveCfg = Release|Any CPU
		{146FFB39-BE25-4159-80CE-4E86B3F50050}.Release|Any CPU.Build.0 = Release|Any CPU
		{146FFB39-BE25-4159-80CE-4E86B3F50050}.Release|x64.ActiveCfg = Release|Any CPU
		{146FFB39-BE25-4159-80CE-4E86B3F50050}.Release|x64.Build.0 = Release|Any CPU
		{146FFB39-BE25-4159-80CE-4E86B3F50050}.Release|x86.ActiveCfg = Release|Any CPU
		{146FFB39-BE25-4159-80CE-4E86B3F50050}.Release|x86.Build.0 = Release|Any CPU
		{1BF74B1E-2C0F-4BAA-8FF6-5D4B6194BEBB}.Debug|Any CPU.ActiveCfg = Debug|Any CPU
		{1BF74B1E-2C0F-4BAA-8FF6-5D4B6194BEBB}.Debug|Any CPU.Build.0 = Debug|Any CPU
		{1BF74B1E-2C0F-4BAA-8FF6-5D4B6194BEBB}.Debug|x64.ActiveCfg = Debug|Any CPU
		{1BF74B1E-2C0F-4BAA-8FF6-5D4B6194BEBB}.Debug|x64.Build.0 = Debug|Any CPU
		{1BF74B1E-2C0F-4BAA-8FF6-5D4B6194BEBB}.Debug|x86.ActiveCfg = Debug|Any CPU
		{1BF74B1E-2C0F-4BAA-8FF6-5D4B6194BEBB}.Debug|x86.Build.0 = Debug|Any CPU
		{1BF74B1E-2C0F-4BAA-8FF6-5D4B6194BEBB}.Release|Any CPU.ActiveCfg = Release|Any CPU
		{1BF74B1E-2C0F-4BAA-8FF6-5D4B6194BEBB}.Release|Any CPU.Build.0 = Release|Any CPU
		{1BF74B1E-2C0F-4BAA-8FF6-5D4B6194BEBB}.Release|x64.ActiveCfg = Release|Any CPU
		{1BF74B1E-2C0F-4BAA-8FF6-5D4B6194BEBB}.Release|x64.Build.0 = Release|Any CPU
		{1BF74B1E-2C0F-4BAA-8FF6-5D4B6194BEBB}.Release|x86.ActiveCfg = Release|Any CPU
		{1BF74B1E-2C0F-4BAA-8FF6-5D4B6194BEBB}.Release|x86.Build.0 = Release|Any CPU
	EndGlobalSection
	GlobalSection(SolutionProperties) = preSolution
		HideSolutionNode = FALSE
	EndGlobalSection
	GlobalSection(NestedProjects) = preSolution
		{C70665A5-77CB-482A-AF7D-11F6D1954216} = {827E0CD3-B72D-47B6-A68D-7590B98EB39B}
		{984BB9B3-3FA3-BE33-9484-CAC21695A33C} = {827E0CD3-B72D-47B6-A68D-7590B98EB39B}
		{CE25B4BD-4D62-2C31-7677-ACA02D4E579C} = {984BB9B3-3FA3-BE33-9484-CAC21695A33C}
		{94271304-E7E5-4A3B-9B36-EDCA6199C83B} = {CE25B4BD-4D62-2C31-7677-ACA02D4E579C}
		{7249407B-998C-421C-A049-EA03D351491E} = {CE25B4BD-4D62-2C31-7677-ACA02D4E579C}
		{D172E072-2352-4F04-917B-3B6732D62314} = {CE25B4BD-4D62-2C31-7677-ACA02D4E579C}
		{146FFB39-BE25-4159-80CE-4E86B3F50050} = {CE25B4BD-4D62-2C31-7677-ACA02D4E579C}
		{1BF74B1E-2C0F-4BAA-8FF6-5D4B6194BEBB} = {0AB3BF05-4346-4AA6-1389-037BE0695223}
	EndGlobalSection
EndGlobal
